
Microsoft Visual Studio Solution File, Format Version 11.00
# Visual Studio 2010
Project("{FAE04EC0-301F-11D3-BF4B-00C04F79EFBC}") = "EVIJV-FarmSim", "Assembly-CSharp-firstpass.csproj", "{57C1BCF7-4633-0677-6298-4E2613A2EB5F}"
EndProject
Project("{FAE04EC0-301F-11D3-BF4B-00C04F79EFBC}") = "EVIJV-FarmSim", "Assembly-CSharp.csproj", "{AD3DB33D-A4B9-3A84-74C4-BAE35DEDB2E7}"
EndProject
Project("{FAE04EC0-301F-11D3-BF4B-00C04F79EFBC}") = "EVIJV-FarmSim", "Assembly-CSharp-Editor.csproj", "{8EB1BFA7-4A64-F239-0F1E-07C4F9A01FB7}"
EndProject
Global
	GlobalSection(SolutionConfigurationPlatforms) = preSolution
		Debug|Any CPU = Debug|Any CPU
		Release|Any CPU = Release|Any CPU
	EndGlobalSection
	GlobalSection(ProjectConfigurationPlatforms) = postSolution
		{57C1BCF7-4633-0677-6298-4E2613A2EB5F}.Debug|Any CPU.ActiveCfg = Debug|Any CPU
		{57C1BCF7-4633-0677-6298-4E2613A2EB5F}.Debug|Any CPU.Build.0 = Debug|Any CPU
		{57C1BCF7-4633-0677-6298-4E2613A2EB5F}.Release|Any CPU.ActiveCfg = Release|Any CPU
		{57C1BCF7-4633-0677-6298-4E2613A2EB5F}.Release|Any CPU.Build.0 = Release|Any CPU
		{AD3DB33D-A4B9-3A84-74C4-BAE35DEDB2E7}.Debug|Any CPU.ActiveCfg = Debug|Any CPU
		{AD3DB33D-A4B9-3A84-74C4-BAE35DEDB2E7}.Debug|Any CPU.Build.0 = Debug|Any CPU
		{AD3DB33D-A4B9-3A84-74C4-BAE35DEDB2E7}.Release|Any CPU.ActiveCfg = Release|Any CPU
		{AD3DB33D-A4B9-3A84-74C4-BAE35DEDB2E7}.Release|Any CPU.Build.0 = Release|Any CPU
		{8EB1BFA7-4A64-F239-0F1E-07C4F9A01FB7}.Debug|Any CPU.ActiveCfg = Debug|Any CPU
		{8EB1BFA7-4A64-F239-0F1E-07C4F9A01FB7}.Debug|Any CPU.Build.0 = Debug|Any CPU
		{8EB1BFA7-4A64-F239-0F1E-07C4F9A01FB7}.Release|Any CPU.ActiveCfg = Release|Any CPU
		{8EB1BFA7-4A64-F239-0F1E-07C4F9A01FB7}.Release|Any CPU.Build.0 = Release|Any CPU
	EndGlobalSection
	GlobalSection(SolutionProperties) = preSolution
		HideSolutionNode = FALSE
	EndGlobalSection
	GlobalSection(MonoDevelopProperties) = preSolution
		StartupItem = Assembly-CSharp.csproj
	EndGlobalSection
EndGlobal
